
Microsoft Visual Studio Solution File, Format Version 12.00
# Visual Studio Version 16
VisualStudioVersion = 16.0.30011.22
MinimumVisualStudioVersion = 10.0.40219.1
Project("{9A19103F-16F7-4668-BE54-9A1E7A4F7556}") = "LocalDbDevops.Web", "LocalDbDevops.Web\LocalDbDevops.Web.csproj", "{A86D5F9C-F526-4569-93C2-CE28533E4D38}"
EndProject
Project("{9A19103F-16F7-4668-BE54-9A1E7A4F7556}") = "LocalDbDevops.Core", "LocalDbDevops.Core\LocalDbDevops.Core.csproj", "{202B1865-88F8-42F3-A7C3-26B612D58DDD}"
EndProject
Project("{00D1A9C2-B5F0-4AF3-8072-F6C62B433612}") = "LocalDbDevops.Db", "LocalDbDevops.Db\LocalDbDevops.Db.sqlproj", "{5C7D065A-833C-4535-B84D-86D224B59FE0}"
EndProject
Project("{FAE04EC0-301F-11D3-BF4B-00C04F79EFBC}") = "LocalDbDevops.Test", "LocalDbDevops.Test\LocalDbDevops.Test.csproj", "{74E80745-59B5-446F-9646-3C5A296D7456}"
EndProject
Project("{FAE04EC0-301F-11D3-BF4B-00C04F79EFBC}") = "LocalDbDevops.Interface", "LocalDbDevops.Interface\LocalDbDevops.Interface.csproj", "{0E0A0D7A-5D21-4716-A11D-D0A997C5AD3B}"
EndProject
Global
	GlobalSection(SolutionConfigurationPlatforms) = preSolution
		Debug|Any CPU = Debug|Any CPU
		Release|Any CPU = Release|Any CPU
	EndGlobalSection
	GlobalSection(ProjectConfigurationPlatforms) = postSolution
		{A86D5F9C-F526-4569-93C2-CE28533E4D38}.Debug|Any CPU.ActiveCfg = Debug|Any CPU
		{A86D5F9C-F526-4569-93C2-CE28533E4D38}.Debug|Any CPU.Build.0 = Debug|Any CPU
		{A86D5F9C-F526-4569-93C2-CE28533E4D38}.Release|Any CPU.ActiveCfg = Release|Any CPU
		{A86D5F9C-F526-4569-93C2-CE28533E4D38}.Release|Any CPU.Build.0 = Release|Any CPU
		{202B1865-88F8-42F3-A7C3-26B612D58DDD}.Debug|Any CPU.ActiveCfg = Debug|Any CPU
		{202B1865-88F8-42F3-A7C3-26B612D58DDD}.Debug|Any CPU.Build.0 = Debug|Any CPU
		{202B1865-88F8-42F3-A7C3-26B612D58DDD}.Release|Any CPU.ActiveCfg = Release|Any CPU
		{202B1865-88F8-42F3-A7C3-26B612D58DDD}.Release|Any CPU.Build.0 = Release|Any CPU
		{5C7D065A-833C-4535-B84D-86D224B59FE0}.Debug|Any CPU.ActiveCfg = Debug|Any CPU
		{5C7D065A-833C-4535-B84D-86D224B59FE0}.Debug|Any CPU.Build.0 = Debug|Any CPU
		{5C7D065A-833C-4535-B84D-86D224B59FE0}.Debug|Any CPU.Deploy.0 = Debug|Any CPU
		{5C7D065A-833C-4535-B84D-86D224B59FE0}.Release|Any CPU.ActiveCfg = Release|Any CPU
		{5C7D065A-833C-4535-B84D-86D224B59FE0}.Release|Any CPU.Build.0 = Release|Any CPU
		{5C7D065A-833C-4535-B84D-86D224B59FE0}.Release|Any CPU.Deploy.0 = Release|Any CPU
		{74E80745-59B5-446F-9646-3C5A296D7456}.Debug|Any CPU.ActiveCfg = Debug|Any CPU
		{74E80745-59B5-446F-9646-3C5A296D7456}.Debug|Any CPU.Build.0 = Debug|Any CPU
		{74E80745-59B5-446F-9646-3C5A296D7456}.Release|Any CPU.ActiveCfg = Release|Any CPU
		{74E80745-59B5-446F-9646-3C5A296D7456}.Release|Any CPU.Build.0 = Release|Any CPU
		{0E0A0D7A-5D21-4716-A11D-D0A997C5AD3B}.Debug|Any CPU.ActiveCfg = Debug|Any CPU
		{0E0A0D7A-5D21-4716-A11D-D0A997C5AD3B}.Debug|Any CPU.Build.0 = Debug|Any CPU
		{0E0A0D7A-5D21-4716-A11D-D0A997C5AD3B}.Release|Any CPU.ActiveCfg = Release|Any CPU
		{0E0A0D7A-5D21-4716-A11D-D0A997C5AD3B}.Release|Any CPU.Build.0 = Release|Any CPU
	EndGlobalSection
	GlobalSection(SolutionProperties) = preSolution
		HideSolutionNode = FALSE
	EndGlobalSection
	GlobalSection(ExtensibilityGlobals) = postSolution
		SolutionGuid = {35E6449A-530B-48B0-A863-62E9A4E1B432}
	EndGlobalSection
EndGlobal
